
Microsoft Visual Studio Solution File, Format Version 12.00
# Visual Studio 2013
VisualStudioVersion = 12.0.30110.0
MinimumVisualStudioVersion = 10.0.40219.1
Project("{FAE04EC0-301F-11D3-BF4B-00C04F79EFBC}") = "GANNAIUI", "GANNAI-UI\GANNAIUI.csproj", "{A3D560DB-F51C-475D-B81F-D5F08FDD3C3E}"
EndProject
Project("{FAE04EC0-301F-11D3-BF4B-00C04F79EFBC}") = "ArtificialNeuralNetwork", "NeuralNetwork\ArtificialNeuralNetwork.csproj", "{C5536FB1-A95E-4A8F-B400-781ABCC7EE70}"
EndProject
Project("{FAE04EC0-301F-11D3-BF4B-00C04F79EFBC}") = "Genetics", "Genetics\Genetics.csproj", "{3025EBE0-C362-4F31-8B1A-E3B0CF3ABACB}"
EndProject
Project("{FAE04EC0-301F-11D3-BF4B-00C04F79EFBC}") = "GANNAI", "GANNAI\GANNAI.csproj", "{F9322C92-DEF6-4101-A324-AEBF6D83FD0F}"
EndProject
Project("{FAE04EC0-301F-11D3-BF4B-00C04F79EFBC}") = "GANNAITests", "GANNAITests\GANNAITests.csproj", "{BD04E721-7CD2-408D-9409-357943FBD57D}"
EndProject
Project("{FAE04EC0-301F-11D3-BF4B-00C04F79EFBC}") = "Games", "Games\Games.csproj", "{0343135E-EECA-4D19-99FC-7CC2DA7C859B}"
EndProject
Project("{FAE04EC0-301F-11D3-BF4B-00C04F79EFBC}") = "DBTesting", "DBTesting\DBTesting.csproj", "{E3616AD0-7589-4AD1-9DCF-7FFE4DDA7A28}"
EndProject
Project("{FAE04EC0-301F-11D3-BF4B-00C04F79EFBC}") = "Utility", "Utility\Utility.csproj", "{94E3B305-BCA1-4A47-B766-A456DEA24560}"
EndProject
Project("{FAE04EC0-301F-11D3-BF4B-00C04F79EFBC}") = "Datasets", "Datasets\Datasets.csproj", "{9E5DFEC6-545C-4490-BE51-A99F28DC2AB0}"
EndProject
Project("{2150E333-8FDC-42A3-9474-1A3956D46DE8}") = ".nuget", ".nuget", "{0BBCC0AE-B1DD-4181-8B6E-0AD1A625D521}"
	ProjectSection(SolutionItems) = preProject
		.nuget\packages.config = .nuget\packages.config
	EndProjectSection
EndProject
Global
	GlobalSection(SolutionConfigurationPlatforms) = preSolution
		Debug|Any CPU = Debug|Any CPU
		Debug|Mixed Platforms = Debug|Mixed Platforms
		Debug|x86 = Debug|x86
		Release|Any CPU = Release|Any CPU
		Release|Mixed Platforms = Release|Mixed Platforms
		Release|x86 = Release|x86
	EndGlobalSection
	GlobalSection(ProjectConfigurationPlatforms) = postSolution
		{A3D560DB-F51C-475D-B81F-D5F08FDD3C3E}.Debug|Any CPU.ActiveCfg = Debug|Any CPU
		{A3D560DB-F51C-475D-B81F-D5F08FDD3C3E}.Debug|Any CPU.Build.0 = Debug|Any CPU
		{A3D560DB-F51C-475D-B81F-D5F08FDD3C3E}.Debug|Mixed Platforms.ActiveCfg = Debug|x86
		{A3D560DB-F51C-475D-B81F-D5F08FDD3C3E}.Debug|Mixed Platforms.Build.0 = Debug|x86
		{A3D560DB-F51C-475D-B81F-D5F08FDD3C3E}.Debug|x86.ActiveCfg = Debug|x86
		{A3D560DB-F51C-475D-B81F-D5F08FDD3C3E}.Debug|x86.Build.0 = Debug|x86
		{A3D560DB-F51C-475D-B81F-D5F08FDD3C3E}.Release|Any CPU.ActiveCfg = Release|x86
		{A3D560DB-F51C-475D-B81F-D5F08FDD3C3E}.Release|Mixed Platforms.ActiveCfg = Release|x86
		{A3D560DB-F51C-475D-B81F-D5F08FDD3C3E}.Release|Mixed Platforms.Build.0 = Release|x86
		{A3D560DB-F51C-475D-B81F-D5F08FDD3C3E}.Release|x86.ActiveCfg = Release|x86
		{A3D560DB-F51C-475D-B81F-D5F08FDD3C3E}.Release|x86.Build.0 = Release|x86
		{C5536FB1-A95E-4A8F-B400-781ABCC7EE70}.Debug|Any CPU.ActiveCfg = Debug|Any CPU
		{C5536FB1-A95E-4A8F-B400-781ABCC7EE70}.Debug|Any CPU.Build.0 = Debug|Any CPU
		{C5536FB1-A95E-4A8F-B400-781ABCC7EE70}.Debug|Mixed Platforms.ActiveCfg = Debug|x86
		{C5536FB1-A95E-4A8F-B400-781ABCC7EE70}.Debug|Mixed Platforms.Build.0 = Debug|x86
		{C5536FB1-A95E-4A8F-B400-781ABCC7EE70}.Debug|x86.ActiveCfg = Debug|x86
		{C5536FB1-A95E-4A8F-B400-781ABCC7EE70}.Debug|x86.Build.0 = Debug|x86
		{C5536FB1-A95E-4A8F-B400-781ABCC7EE70}.Release|Any CPU.ActiveCfg = Release|x86
		{C5536FB1-A95E-4A8F-B400-781ABCC7EE70}.Release|Mixed Platforms.ActiveCfg = Release|x86
		{C5536FB1-A95E-4A8F-B400-781ABCC7EE70}.Release|Mixed Platforms.Build.0 = Release|x86
		{C5536FB1-A95E-4A8F-B400-781ABCC7EE70}.Release|x86.ActiveCfg = Release|x86
		{C5536FB1-A95E-4A8F-B400-781ABCC7EE70}.Release|x86.Build.0 = Release|x86
		{3025EBE0-C362-4F31-8B1A-E3B0CF3ABACB}.Debug|Any CPU.ActiveCfg = Debug|Any CPU
		{3025EBE0-C362-4F31-8B1A-E3B0CF3ABACB}.Debug|Any CPU.Build.0 = Debug|Any CPU
		{3025EBE0-C362-4F31-8B1A-E3B0CF3ABACB}.Debug|Mixed Platforms.ActiveCfg = Debug|x86
		{3025EBE0-C362-4F31-8B1A-E3B0CF3ABACB}.Debug|Mixed Platforms.Build.0 = Debug|x86
		{3025EBE0-C362-4F31-8B1A-E3B0CF3ABACB}.Debug|x86.ActiveCfg = Debug|x86
		{3025EBE0-C362-4F31-8B1A-E3B0CF3ABACB}.Debug|x86.Build.0 = Debug|x86
		{3025EBE0-C362-4F31-8B1A-E3B0CF3ABACB}.Release|Any CPU.ActiveCfg = Release|x86
		{3025EBE0-C362-4F31-8B1A-E3B0CF3ABACB}.Release|Mixed Platforms.ActiveCfg = Release|x86
		{3025EBE0-C362-4F31-8B1A-E3B0CF3ABACB}.Release|Mixed Platforms.Build.0 = Release|x86
		{3025EBE0-C362-4F31-8B1A-E3B0CF3ABACB}.Release|x86.ActiveCfg = Release|x86
		{3025EBE0-C362-4F31-8B1A-E3B0CF3ABACB}.Release|x86.Build.0 = Release|x86
		{F9322C92-DEF6-4101-A324-AEBF6D83FD0F}.Debug|Any CPU.ActiveCfg = Debug|Any CPU
		{F9322C92-DEF6-4101-A324-AEBF6D83FD0F}.Debug|Any CPU.Build.0 = Debug|Any CPU
		{F9322C92-DEF6-4101-A324-AEBF6D83FD0F}.Debug|Mixed Platforms.ActiveCfg = Debug|x86
		{F9322C92-DEF6-4101-A324-AEBF6D83FD0F}.Debug|Mixed Platforms.Build.0 = Debug|x86
		{F9322C92-DEF6-4101-A324-AEBF6D83FD0F}.Debug|x86.ActiveCfg = Debug|x86
		{F9322C92-DEF6-4101-A324-AEBF6D83FD0F}.Debug|x86.Build.0 = Debug|x86
		{F9322C92-DEF6-4101-A324-AEBF6D83FD0F}.Release|Any CPU.ActiveCfg = Release|x86
		{F9322C92-DEF6-4101-A324-AEBF6D83FD0F}.Release|Mixed Platforms.ActiveCfg = Release|x86
		{F9322C92-DEF6-4101-A324-AEBF6D83FD0F}.Release|Mixed Platforms.Build.0 = Release|x86
		{F9322C92-DEF6-4101-A324-AEBF6D83FD0F}.Release|x86.ActiveCfg = Release|x86
		{F9322C92-DEF6-4101-A324-AEBF6D83FD0F}.Release|x86.Build.0 = Release|x86
		{BD04E721-7CD2-408D-9409-357943FBD57D}.Debug|Any CPU.ActiveCfg = Debug|Any CPU
		{BD04E721-7CD2-408D-9409-357943FBD57D}.Debug|Any CPU.Build.0 = Debug|Any CPU
		{BD04E721-7CD2-408D-9409-357943FBD57D}.Debug|Mixed Platforms.ActiveCfg = Debug|Any CPU
		{BD04E721-7CD2-408D-9409-357943FBD57D}.Debug|Mixed Platforms.Build.0 = Debug|Any CPU
		{BD04E721-7CD2-408D-9409-357943FBD57D}.Debug|x86.ActiveCfg = Debug|Any CPU
		{BD04E721-7CD2-408D-9409-357943FBD57D}.Release|Any CPU.ActiveCfg = Release|Any CPU
		{BD04E721-7CD2-408D-9409-357943FBD57D}.Release|Any CPU.Build.0 = Release|Any CPU
		{BD04E721-7CD2-408D-9409-357943FBD57D}.Release|Mixed Platforms.ActiveCfg = Release|Any CPU
		{BD04E721-7CD2-408D-9409-357943FBD57D}.Release|Mixed Platforms.Build.0 = Release|Any CPU
		{BD04E721-7CD2-408D-9409-357943FBD57D}.Release|x86.ActiveCfg = Release|Any CPU
		{0343135E-EECA-4D19-99FC-7CC2DA7C859B}.Debug|Any CPU.ActiveCfg = Debug|Any CPU
		{0343135E-EECA-4D19-99FC-7CC2DA7C859B}.Debug|Any CPU.Build.0 = Debug|Any CPU
		{0343135E-EECA-4D19-99FC-7CC2DA7C859B}.Debug|Mixed Platforms.ActiveCfg = Debug|x86
		{0343135E-EECA-4D19-99FC-7CC2DA7C859B}.Debug|Mixed Platforms.Build.0 = Debug|x86
		{0343135E-EECA-4D19-99FC-7CC2DA7C859B}.Debug|x86.ActiveCfg = Debug|x86
		{0343135E-EECA-4D19-99FC-7CC2DA7C859B}.Debug|x86.Build.0 = Debug|x86
		{0343135E-EECA-4D19-99FC-7CC2DA7C859B}.Release|Any CPU.ActiveCfg = Release|x86
		{0343135E-EECA-4D19-99FC-7CC2DA7C859B}.Release|Mixed Platforms.ActiveCfg = Release|x86
		{0343135E-EECA-4D19-99FC-7CC2DA7C859B}.Release|Mixed Platforms.Build.0 = Release|x86
		{0343135E-EECA-4D19-99FC-7CC2DA7C859B}.Release|x86.ActiveCfg = Release|x86
		{0343135E-EECA-4D19-99FC-7CC2DA7C859B}.Release|x86.Build.0 = Release|x86
		{E3616AD0-7589-4AD1-9DCF-7FFE4DDA7A28}.Debug|Any CPU.ActiveCfg = Debug|Any CPU
		{E3616AD0-7589-4AD1-9DCF-7FFE4DDA7A28}.Debug|Any CPU.Build.0 = Debug|Any CPU
		{E3616AD0-7589-4AD1-9DCF-7FFE4DDA7A28}.Debug|Mixed Platforms.ActiveCfg = Debug|Any CPU
		{E3616AD0-7589-4AD1-9DCF-7FFE4DDA7A28}.Debug|Mixed Platforms.Build.0 = Debug|Any CPU
		{E3616AD0-7589-4AD1-9DCF-7FFE4DDA7A28}.Debug|x86.ActiveCfg = Debug|Any CPU
		{E3616AD0-7589-4AD1-9DCF-7FFE4DDA7A28}.Debug|x86.Build.0 = Debug|Any CPU
		{E3616AD0-7589-4AD1-9DCF-7FFE4DDA7A28}.Release|Any CPU.ActiveCfg = Release|Any CPU
		{E3616AD0-7589-4AD1-9DCF-7FFE4DDA7A28}.Release|Any CPU.Build.0 = Release|Any CPU
		{E3616AD0-7589-4AD1-9DCF-7FFE4DDA7A28}.Release|Mixed Platforms.ActiveCfg = Release|Any CPU
		{E3616AD0-7589-4AD1-9DCF-7FFE4DDA7A28}.Release|Mixed Platforms.Build.0 = Release|Any CPU
		{E3616AD0-7589-4AD1-9DCF-7FFE4DDA7A28}.Release|x86.ActiveCfg = Release|Any CPU
		{E3616AD0-7589-4AD1-9DCF-7FFE4DDA7A28}.Release|x86.Build.0 = Release|Any CPU
		{94E3B305-BCA1-4A47-B766-A456DEA24560}.Debug|Any CPU.ActiveCfg = Debug|Any CPU
		{94E3B305-BCA1-4A47-B766-A456DEA24560}.Debug|Any CPU.Build.0 = Debug|Any CPU
		{94E3B305-BCA1-4A47-B766-A456DEA24560}.Debug|Mixed Platforms.ActiveCfg = Debug|Any CPU
		{94E3B305-BCA1-4A47-B766-A456DEA24560}.Debug|Mixed Platforms.Build.0 = Debug|Any CPU
		{94E3B305-BCA1-4A47-B766-A456DEA24560}.Debug|x86.ActiveCfg = Debug|Any CPU
		{94E3B305-BCA1-4A47-B766-A456DEA24560}.Debug|x86.Build.0 = Debug|Any CPU
		{94E3B305-BCA1-4A47-B766-A456DEA24560}.Release|Any CPU.ActiveCfg = Release|Any CPU
		{94E3B305-BCA1-4A47-B766-A456DEA24560}.Release|Any CPU.Build.0 = Release|Any CPU
		{94E3B305-BCA1-4A47-B766-A456DEA24560}.Release|Mixed Platforms.ActiveCfg = Release|Any CPU
		{94E3B305-BCA1-4A47-B766-A456DEA24560}.Release|Mixed Platforms.Build.0 = Release|Any CPU
		{94E3B305-BCA1-4A47-B766-A456DEA24560}.Release|x86.ActiveCfg = Release|Any CPU
		{94E3B305-BCA1-4A47-B766-A456DEA24560}.Release|x86.Build.0 = Release|Any CPU
		{9E5DFEC6-545C-4490-BE51-A99F28DC2AB0}.Debug|Any CPU.ActiveCfg = Debug|Any CPU
		{9E5DFEC6-545C-4490-BE51-A99F28DC2AB0}.Debug|Any CPU.Build.0 = Debug|Any CPU
		{9E5DFEC6-545C-4490-BE51-A99F28DC2AB0}.Debug|Mixed Platforms.ActiveCfg = Debug|Any CPU
		{9E5DFEC6-545C-4490-BE51-A99F28DC2AB0}.Debug|Mixed Platforms.Build.0 = Debug|Any CPU
		{9E5DFEC6-545C-4490-BE51-A99F28DC2AB0}.Debug|x86.ActiveCfg = Debug|Any CPU
		{9E5DFEC6-545C-4490-BE51-A99F28DC2AB0}.Debug|x86.Build.0 = Debug|Any CPU
		{9E5DFEC6-545C-4490-BE51-A99F28DC2AB0}.Release|Any CPU.ActiveCfg = Release|Any CPU
		{9E5DFEC6-545C-4490-BE51-A99F28DC2AB0}.Release|Any CPU.Build.0 = Release|Any CPU
		{9E5DFEC6-545C-4490-BE51-A99F28DC2AB0}.Release|Mixed Platforms.ActiveCfg = Release|Any CPU
		{9E5DFEC6-545C-4490-BE51-A99F28DC2AB0}.Release|Mixed Platforms.Build.0 = Release|Any CPU
		{9E5DFEC6-545C-4490-BE51-A99F28DC2AB0}.Release|x86.ActiveCfg = Release|Any CPU
		{9E5DFEC6-545C-4490-BE51-A99F28DC2AB0}.Release|x86.Build.0 = Release|Any CPU
	EndGlobalSection
	GlobalSection(SolutionProperties) = preSolution
		HideSolutionNode = FALSE
	EndGlobalSection
	GlobalSection(MonoDevelopProperties) = preSolution
		StartupItem = GANNAI-UI\GANNAIUI.csproj
		Policies = $0
		$0.TextStylePolicy = $7
		$1.TabWidth = 2
		$1.IndentWidth = 2
		$1.inheritsSet = VisualStudio
		$1.inheritsScope = text/plain
		$1.scope = text/plain
		$2.inheritsSet = null
		$2.scope = text/microsoft-resx
		$0.XmlFormattingPolicy = $8
		$3.inheritsSet = null
		$3.scope = text/microsoft-resx
		$0.DotNetNamingPolicy = $4
		$4.DirectoryNamespaceAssociation = None
		$4.ResourceNamePolicy = FileFormatDefault
		$5.TabWidth = 2
		$5.IndentWidth = 2
		$5.inheritsSet = VisualStudio
		$5.inheritsScope = text/plain
		$5.scope = text/x-csharp
		$0.CSharpFormattingPolicy = $6
		$6.NamespaceBraceStyle = EndOfLine
		$6.ClassBraceStyle = EndOfLine
		$6.InterfaceBraceStyle = EndOfLine
		$6.StructBraceStyle = EndOfLine
		$6.EnumBraceStyle = EndOfLine
		$6.MethodBraceStyle = EndOfLine
		$6.ConstructorBraceStyle = EndOfLine
		$6.DestructorBraceStyle = EndOfLine
		$6.ElseNewLinePlacement = DoNotCare
		$6.ElseIfNewLinePlacement = DoNotCare
		$6.CatchNewLinePlacement = DoNotCare
		$6.FinallyNewLinePlacement = DoNotCare
		$6.WhileNewLinePlacement = DoNotCare
		$6.EmbeddedStatementPlacement = DoNotCare
		$6.BeforeMethodDeclarationParentheses = False
		$6.BeforeMethodCallParentheses = False
		$6.BeforeConstructorDeclarationParentheses = False
		$6.BeforeIndexerDeclarationBracket = False
		$6.BeforeDelegateDeclarationParentheses = False
		$6.NewParentheses = False
		$6.IfParentheses = False
		$6.WhileParentheses = False
		$6.ForParentheses = False
		$6.ForeachParentheses = False
		$6.CatchParentheses = False
		$6.SwitchParentheses = False
		$6.LockParentheses = False
		$6.UsingParentheses = False
		$6.SpacesBeforeBrackets = False
		$6.inheritsSet = Mono
		$6.inheritsScope = text/x-csharp
		$6.scope = text/x-csharp
		$7.inheritsSet = null
		$7.scope = application/xml
		$8.inheritsSet = Mono
		$8.inheritsScope = application/xml
		$8.scope = application/xml
		$0.StandardHeader = $9
		$9.Text = 
		$9.IncludeInNewFiles = True
		$0.NameConventionPolicy = $10
		$10.Rules = $11
		$11.NamingRule = $31
		$12.Name = Namespaces
		$12.AffectedEntity = Namespace
		$12.VisibilityMask = VisibilityMask
		$12.NamingStyle = PascalCase
		$12.IncludeInstanceMembers = True
		$12.IncludeStaticEntities = True
		$13.Name = Types
		$13.AffectedEntity = Class, Struct, Enum, Delegate
		$13.VisibilityMask = Public
		$13.NamingStyle = PascalCase
		$13.IncludeInstanceMembers = True
		$13.IncludeStaticEntities = True
		$14.Name = Interfaces
		$14.RequiredPrefixes = $15
		$15.String = I
		$14.AffectedEntity = Interface
		$14.VisibilityMask = Public
		$14.NamingStyle = PascalCase
		$14.IncludeInstanceMembers = True
		$14.IncludeStaticEntities = True
		$16.Name = Attributes
		$16.RequiredSuffixes = $17
		$17.String = Attribute
		$16.AffectedEntity = CustomAttributes
		$16.VisibilityMask = Public
		$16.NamingStyle = PascalCase
		$16.IncludeInstanceMembers = True
		$16.IncludeStaticEntities = True
		$18.Name = Event Arguments
		$18.RequiredSuffixes = $19
		$19.String = EventArgs
		$18.AffectedEntity = CustomEventArgs
		$18.VisibilityMask = Public
		$18.NamingStyle = PascalCase
		$18.IncludeInstanceMembers = True
		$18.IncludeStaticEntities = True
		$20.Name = Exceptions
		$20.RequiredSuffixes = $21
		$21.String = Exception
		$20.AffectedEntity = CustomExceptions
		$20.VisibilityMask = VisibilityMask
		$20.NamingStyle = PascalCase
		$20.IncludeInstanceMembers = True
		$20.IncludeStaticEntities = True
		$22.Name = Methods
		$22.AffectedEntity = Methods
		$22.VisibilityMask = Protected, Public
		$22.NamingStyle = PascalCase
		$22.IncludeInstanceMembers = True
		$22.IncludeStaticEntities = True
		$23.Name = Static Readonly Fields
		$23.AffectedEntity = ReadonlyField
		$23.VisibilityMask = Protected, Public
		$23.NamingStyle = PascalCase
		$23.IncludeInstanceMembers = False
		$23.IncludeStaticEntities = True
		$24.Name = Fields
		$24.AffectedEntity = Field
		$24.VisibilityMask = Protected, Public
		$24.NamingStyle = PascalCase
		$24.IncludeInstanceMembers = True
		$24.IncludeStaticEntities = True
		$25.Name = ReadOnly Fields
		$25.AffectedEntity = ReadonlyField
		$25.VisibilityMask = Protected, Public
		$25.NamingStyle = PascalCase
		$25.IncludeInstanceMembers = True
		$25.IncludeStaticEntities = False
		$26.Name = Constant Fields
		$26.AffectedEntity = ConstantField
		$26.VisibilityMask = Protected, Public
		$26.NamingStyle = PascalCase
		$26.IncludeInstanceMembers = True
		$26.IncludeStaticEntities = True
		$27.Name = Properties
		$27.AffectedEntity = Property
		$27.VisibilityMask = Protected, Public
		$27.NamingStyle = PascalCase
		$27.IncludeInstanceMembers = True
		$27.IncludeStaticEntities = True
		$28.Name = Events
		$28.AffectedEntity = Event
		$28.VisibilityMask = Protected, Public
		$28.NamingStyle = PascalCase
		$28.IncludeInstanceMembers = True
		$28.IncludeStaticEntities = True
		$29.Name = Enum Members
		$29.AffectedEntity = EnumMember
		$29.VisibilityMask = VisibilityMask
		$29.NamingStyle = PascalCase
		$29.IncludeInstanceMembers = True
		$29.IncludeStaticEntities = True
		$30.Name = Parameters
		$30.AffectedEntity = Parameter
		$30.VisibilityMask = VisibilityMask
		$30.NamingStyle = CamelCase
		$30.IncludeInstanceMembers = True
		$30.IncludeStaticEntities = True
		$31.Name = Type Parameters
		$31.RequiredPrefixes = $32
		$32.String = T
		$31.AffectedEntity = TypeParameter
		$31.VisibilityMask = VisibilityMask
		$31.NamingStyle = PascalCase
		$31.IncludeInstanceMembers = True
		$31.IncludeStaticEntities = True
		$0.VersionControlPolicy = $33
		$33.inheritsSet = Mono
		$0.ChangeLogPolicy = $34
		$34.UpdateMode = None
		$34.MessageStyle = $35
		$35.LineAlign = 0
		$34.inheritsSet = Mono
	EndGlobalSection
	GlobalSection(TestCaseManagementSettings) = postSolution
		CategoryFile = GANNAI.vsmdi
	EndGlobalSection
EndGlobal
