
Microsoft Visual Studio Solution File, Format Version 12.00
# Visual Studio 2012
#VisualStudioVersion = {0}
#MinimumVisualStudioVersion = {0}
VisualStudioVersion = 12.0.21005.1
MinimumVisualStudioVersion = 10.0.40219.1
Project("{FAE04EC0-301F-11D3-BF4B-00C04F79EFBC}") = "GANNAIUI", "GANNAI-UI\GANNAIUI.csproj", "{A3D560DB-F51C-475D-B81F-D5F08FDD3C3E}"
EndProject
Project("{FAE04EC0-301F-11D3-BF4B-00C04F79EFBC}") = "ArtificialNeuralNetwork", "NeuralNetwork\ArtificialNeuralNetwork.csproj", "{C5536FB1-A95E-4A8F-B400-781ABCC7EE70}"
EndProject
Project("{FAE04EC0-301F-11D3-BF4B-00C04F79EFBC}") = "Genetics", "Genetics\Genetics.csproj", "{3025EBE0-C362-4F31-8B1A-E3B0CF3ABACB}"
EndProject
Project("{FAE04EC0-301F-11D3-BF4B-00C04F79EFBC}") = "GANNAI", "GANNAI\GANNAI.csproj", "{F9322C92-DEF6-4101-A324-AEBF6D83FD0F}"
EndProject
Project("{FAE04EC0-301F-11D3-BF4B-00C04F79EFBC}") = "GANNAITests", "GANNAITests\GANNAITests.csproj", "{BD04E721-7CD2-408D-9409-357943FBD57D}"
EndProject
Project("{FAE04EC0-301F-11D3-BF4B-00C04F79EFBC}") = "Games", "Games\Games.csproj", "{0343135E-EECA-4D19-99FC-7CC2DA7C859B}"
EndProject
Project("{FAE04EC0-301F-11D3-BF4B-00C04F79EFBC}") = "DBTesting", "DBTesting\DBTesting.csproj", "{E3616AD0-7589-4AD1-9DCF-7FFE4DDA7A28}"
EndProject
Project("{FAE04EC0-301F-11D3-BF4B-00C04F79EFBC}") = "Utility", "Utility\Utility.csproj", "{94E3B305-BCA1-4A47-B766-A456DEA24560}"
EndProject
Project("{FAE04EC0-301F-11D3-BF4B-00C04F79EFBC}") = "Datasets", "Datasets\Datasets.csproj", "{9E5DFEC6-545C-4490-BE51-A99F28DC2AB0}"
EndProject
Project("{2150E333-8FDC-42A3-9474-1A3956D46DE8}") = ".nuget", ".nuget", "{0BBCC0AE-B1DD-4181-8B6E-0AD1A625D521}"
	ProjectSection(SolutionItems) = preProject
		.nuget\packages.config = .nuget\packages.config
	EndProjectSection
EndProject
Global
	GlobalSection(SolutionConfigurationPlatforms) = preSolution
		Debug|Any CPU = Debug|Any CPU
		Debug|Mixed Platforms = Debug|Mixed Platforms
		Debug|x86 = Debug|x86
		Release|Any CPU = Release|Any CPU
		Release|Mixed Platforms = Release|Mixed Platforms
		Release|x86 = Release|x86
	EndGlobalSection
	GlobalSection(ProjectConfigurationPlatforms) = postSolution
		{0343135E-EECA-4D19-99FC-7CC2DA7C859B}.Debug|Any CPU.ActiveCfg = Debug|Any CPU
		{0343135E-EECA-4D19-99FC-7CC2DA7C859B}.Debug|Any CPU.Build.0 = Debug|Any CPU
		{0343135E-EECA-4D19-99FC-7CC2DA7C859B}.Debug|Mixed Platforms.ActiveCfg = Debug|x86
		{0343135E-EECA-4D19-99FC-7CC2DA7C859B}.Debug|Mixed Platforms.Build.0 = Debug|x86
		{0343135E-EECA-4D19-99FC-7CC2DA7C859B}.Debug|x86.ActiveCfg = Debug|x86
		{0343135E-EECA-4D19-99FC-7CC2DA7C859B}.Debug|x86.Build.0 = Debug|x86
		{0343135E-EECA-4D19-99FC-7CC2DA7C859B}.Release|Any CPU.ActiveCfg = Release|x86
		{0343135E-EECA-4D19-99FC-7CC2DA7C859B}.Release|Mixed Platforms.ActiveCfg = Release|x86
		{0343135E-EECA-4D19-99FC-7CC2DA7C859B}.Release|Mixed Platforms.Build.0 = Release|x86
		{0343135E-EECA-4D19-99FC-7CC2DA7C859B}.Release|x86.ActiveCfg = Release|x86
		{0343135E-EECA-4D19-99FC-7CC2DA7C859B}.Release|x86.Build.0 = Release|x86
		{3025EBE0-C362-4F31-8B1A-E3B0CF3ABACB}.Debug|Any CPU.ActiveCfg = Debug|Any CPU
		{3025EBE0-C362-4F31-8B1A-E3B0CF3ABACB}.Debug|Any CPU.Build.0 = Debug|Any CPU
		{3025EBE0-C362-4F31-8B1A-E3B0CF3ABACB}.Debug|Mixed Platforms.ActiveCfg = Debug|x86
		{3025EBE0-C362-4F31-8B1A-E3B0CF3ABACB}.Debug|Mixed Platforms.Build.0 = Debug|x86
		{3025EBE0-C362-4F31-8B1A-E3B0CF3ABACB}.Debug|x86.ActiveCfg = Debug|x86
		{3025EBE0-C362-4F31-8B1A-E3B0CF3ABACB}.Debug|x86.Build.0 = Debug|x86
		{3025EBE0-C362-4F31-8B1A-E3B0CF3ABACB}.Release|Any CPU.ActiveCfg = Release|x86
		{3025EBE0-C362-4F31-8B1A-E3B0CF3ABACB}.Release|Mixed Platforms.ActiveCfg = Release|x86
		{3025EBE0-C362-4F31-8B1A-E3B0CF3ABACB}.Release|Mixed Platforms.Build.0 = Release|x86
		{3025EBE0-C362-4F31-8B1A-E3B0CF3ABACB}.Release|x86.ActiveCfg = Release|x86
		{3025EBE0-C362-4F31-8B1A-E3B0CF3ABACB}.Release|x86.Build.0 = Release|x86
		{94E3B305-BCA1-4A47-B766-A456DEA24560}.Debug|Any CPU.ActiveCfg = Debug|Any CPU
		{94E3B305-BCA1-4A47-B766-A456DEA24560}.Debug|Any CPU.Build.0 = Debug|Any CPU
		{94E3B305-BCA1-4A47-B766-A456DEA24560}.Debug|Mixed Platforms.ActiveCfg = Debug|Any CPU
		{94E3B305-BCA1-4A47-B766-A456DEA24560}.Debug|Mixed Platforms.Build.0 = Debug|Any CPU
		{94E3B305-BCA1-4A47-B766-A456DEA24560}.Debug|x86.ActiveCfg = Debug|Any CPU
		{94E3B305-BCA1-4A47-B766-A456DEA24560}.Debug|x86.Build.0 = Debug|Any CPU
		{94E3B305-BCA1-4A47-B766-A456DEA24560}.Release|Any CPU.ActiveCfg = Release|Any CPU
		{94E3B305-BCA1-4A47-B766-A456DEA24560}.Release|Any CPU.Build.0 = Release|Any CPU
		{94E3B305-BCA1-4A47-B766-A456DEA24560}.Release|Mixed Platforms.ActiveCfg = Release|Any CPU
		{94E3B305-BCA1-4A47-B766-A456DEA24560}.Release|Mixed Platforms.Build.0 = Release|Any CPU
		{94E3B305-BCA1-4A47-B766-A456DEA24560}.Release|x86.ActiveCfg = Release|Any CPU
		{94E3B305-BCA1-4A47-B766-A456DEA24560}.Release|x86.Build.0 = Release|Any CPU
		{9E5DFEC6-545C-4490-BE51-A99F28DC2AB0}.Debug|Any CPU.ActiveCfg = Debug|Any CPU
		{9E5DFEC6-545C-4490-BE51-A99F28DC2AB0}.Debug|Any CPU.Build.0 = Debug|Any CPU
		{9E5DFEC6-545C-4490-BE51-A99F28DC2AB0}.Debug|Mixed Platforms.ActiveCfg = Debug|Any CPU
		{9E5DFEC6-545C-4490-BE51-A99F28DC2AB0}.Debug|Mixed Platforms.Build.0 = Debug|Any CPU
		{9E5DFEC6-545C-4490-BE51-A99F28DC2AB0}.Debug|x86.ActiveCfg = Debug|Any CPU
		{9E5DFEC6-545C-4490-BE51-A99F28DC2AB0}.Debug|x86.Build.0 = Debug|Any CPU
		{9E5DFEC6-545C-4490-BE51-A99F28DC2AB0}.Release|Any CPU.ActiveCfg = Release|Any CPU
		{9E5DFEC6-545C-4490-BE51-A99F28DC2AB0}.Release|Any CPU.Build.0 = Release|Any CPU
		{9E5DFEC6-545C-4490-BE51-A99F28DC2AB0}.Release|Mixed Platforms.ActiveCfg = Release|Any CPU
		{9E5DFEC6-545C-4490-BE51-A99F28DC2AB0}.Release|Mixed Platforms.Build.0 = Release|Any CPU
		{9E5DFEC6-545C-4490-BE51-A99F28DC2AB0}.Release|x86.ActiveCfg = Release|Any CPU
		{9E5DFEC6-545C-4490-BE51-A99F28DC2AB0}.Release|x86.Build.0 = Release|Any CPU
		{A3D560DB-F51C-475D-B81F-D5F08FDD3C3E}.Debug|Any CPU.ActiveCfg = Debug|Any CPU
		{A3D560DB-F51C-475D-B81F-D5F08FDD3C3E}.Debug|Any CPU.Build.0 = Debug|Any CPU
		{A3D560DB-F51C-475D-B81F-D5F08FDD3C3E}.Debug|Mixed Platforms.ActiveCfg = Debug|x86
		{A3D560DB-F51C-475D-B81F-D5F08FDD3C3E}.Debug|Mixed Platforms.Build.0 = Debug|x86
		{A3D560DB-F51C-475D-B81F-D5F08FDD3C3E}.Debug|x86.ActiveCfg = Debug|x86
		{A3D560DB-F51C-475D-B81F-D5F08FDD3C3E}.Debug|x86.Build.0 = Debug|x86
		{A3D560DB-F51C-475D-B81F-D5F08FDD3C3E}.Release|Any CPU.ActiveCfg = Release|x86
		{A3D560DB-F51C-475D-B81F-D5F08FDD3C3E}.Release|Mixed Platforms.ActiveCfg = Release|x86
		{A3D560DB-F51C-475D-B81F-D5F08FDD3C3E}.Release|Mixed Platforms.Build.0 = Release|x86
		{A3D560DB-F51C-475D-B81F-D5F08FDD3C3E}.Release|x86.ActiveCfg = Release|x86
		{A3D560DB-F51C-475D-B81F-D5F08FDD3C3E}.Release|x86.Build.0 = Release|x86
		{BD04E721-7CD2-408D-9409-357943FBD57D}.Debug|Any CPU.ActiveCfg = Debug|Any CPU
		{BD04E721-7CD2-408D-9409-357943FBD57D}.Debug|Any CPU.Build.0 = Debug|Any CPU
		{BD04E721-7CD2-408D-9409-357943FBD57D}.Debug|Mixed Platforms.ActiveCfg = Debug|Any CPU
		{BD04E721-7CD2-408D-9409-357943FBD57D}.Debug|Mixed Platforms.Build.0 = Debug|Any CPU
		{BD04E721-7CD2-408D-9409-357943FBD57D}.Debug|x86.ActiveCfg = Debug|Any CPU
		{BD04E721-7CD2-408D-9409-357943FBD57D}.Release|Any CPU.ActiveCfg = Release|Any CPU
		{BD04E721-7CD2-408D-9409-357943FBD57D}.Release|Any CPU.Build.0 = Release|Any CPU
		{BD04E721-7CD2-408D-9409-357943FBD57D}.Release|Mixed Platforms.ActiveCfg = Release|Any CPU
		{BD04E721-7CD2-408D-9409-357943FBD57D}.Release|Mixed Platforms.Build.0 = Release|Any CPU
		{BD04E721-7CD2-408D-9409-357943FBD57D}.Release|x86.ActiveCfg = Release|Any CPU
		{C5536FB1-A95E-4A8F-B400-781ABCC7EE70}.Debug|Any CPU.ActiveCfg = Debug|Any CPU
		{C5536FB1-A95E-4A8F-B400-781ABCC7EE70}.Debug|Any CPU.Build.0 = Debug|Any CPU
		{C5536FB1-A95E-4A8F-B400-781ABCC7EE70}.Debug|Mixed Platforms.ActiveCfg = Debug|x86
		{C5536FB1-A95E-4A8F-B400-781ABCC7EE70}.Debug|Mixed Platforms.Build.0 = Debug|x86
		{C5536FB1-A95E-4A8F-B400-781ABCC7EE70}.Debug|x86.ActiveCfg = Debug|x86
		{C5536FB1-A95E-4A8F-B400-781ABCC7EE70}.Debug|x86.Build.0 = Debug|x86
		{C5536FB1-A95E-4A8F-B400-781ABCC7EE70}.Release|Any CPU.ActiveCfg = Release|x86
		{C5536FB1-A95E-4A8F-B400-781ABCC7EE70}.Release|Mixed Platforms.ActiveCfg = Release|x86
		{C5536FB1-A95E-4A8F-B400-781ABCC7EE70}.Release|Mixed Platforms.Build.0 = Release|x86
		{C5536FB1-A95E-4A8F-B400-781ABCC7EE70}.Release|x86.ActiveCfg = Release|x86
		{C5536FB1-A95E-4A8F-B400-781ABCC7EE70}.Release|x86.Build.0 = Release|x86
		{E3616AD0-7589-4AD1-9DCF-7FFE4DDA7A28}.Debug|Any CPU.ActiveCfg = Debug|Any CPU
		{E3616AD0-7589-4AD1-9DCF-7FFE4DDA7A28}.Debug|Any CPU.Build.0 = Debug|Any CPU
		{E3616AD0-7589-4AD1-9DCF-7FFE4DDA7A28}.Debug|Mixed Platforms.ActiveCfg = Debug|Any CPU
		{E3616AD0-7589-4AD1-9DCF-7FFE4DDA7A28}.Debug|Mixed Platforms.Build.0 = Debug|Any CPU
		{E3616AD0-7589-4AD1-9DCF-7FFE4DDA7A28}.Debug|x86.ActiveCfg = Debug|Any CPU
		{E3616AD0-7589-4AD1-9DCF-7FFE4DDA7A28}.Debug|x86.Build.0 = Debug|Any CPU
		{E3616AD0-7589-4AD1-9DCF-7FFE4DDA7A28}.Release|Any CPU.ActiveCfg = Release|Any CPU
		{E3616AD0-7589-4AD1-9DCF-7FFE4DDA7A28}.Release|Any CPU.Build.0 = Release|Any CPU
		{E3616AD0-7589-4AD1-9DCF-7FFE4DDA7A28}.Release|Mixed Platforms.ActiveCfg = Release|Any CPU
		{E3616AD0-7589-4AD1-9DCF-7FFE4DDA7A28}.Release|Mixed Platforms.Build.0 = Release|Any CPU
		{E3616AD0-7589-4AD1-9DCF-7FFE4DDA7A28}.Release|x86.ActiveCfg = Release|Any CPU
		{E3616AD0-7589-4AD1-9DCF-7FFE4DDA7A28}.Release|x86.Build.0 = Release|Any CPU
		{F9322C92-DEF6-4101-A324-AEBF6D83FD0F}.Debug|Any CPU.ActiveCfg = Debug|Any CPU
		{F9322C92-DEF6-4101-A324-AEBF6D83FD0F}.Debug|Any CPU.Build.0 = Debug|Any CPU
		{F9322C92-DEF6-4101-A324-AEBF6D83FD0F}.Debug|Mixed Platforms.ActiveCfg = Debug|x86
		{F9322C92-DEF6-4101-A324-AEBF6D83FD0F}.Debug|Mixed Platforms.Build.0 = Debug|x86
		{F9322C92-DEF6-4101-A324-AEBF6D83FD0F}.Debug|x86.ActiveCfg = Debug|x86
		{F9322C92-DEF6-4101-A324-AEBF6D83FD0F}.Debug|x86.Build.0 = Debug|x86
		{F9322C92-DEF6-4101-A324-AEBF6D83FD0F}.Release|Any CPU.ActiveCfg = Release|x86
		{F9322C92-DEF6-4101-A324-AEBF6D83FD0F}.Release|Mixed Platforms.ActiveCfg = Release|x86
		{F9322C92-DEF6-4101-A324-AEBF6D83FD0F}.Release|Mixed Platforms.Build.0 = Release|x86
		{F9322C92-DEF6-4101-A324-AEBF6D83FD0F}.Release|x86.ActiveCfg = Release|x86
		{F9322C92-DEF6-4101-A324-AEBF6D83FD0F}.Release|x86.Build.0 = Release|x86
	EndGlobalSection
	GlobalSection(NestedProjects) = preSolution
	EndGlobalSection
	GlobalSection(MonoDevelopProperties) = preSolution
		StartupItem = GANNAI-UI\GANNAIUI.csproj
		Policies = $0
		$0.TextStylePolicy = $1
		$1.FileWidth = 120
		$1.TabsToSpaces = False
		$1.inheritsSet = VisualStudio
		$1.inheritsScope = text/plain
		$0.DotNetNamingPolicy = $2
		$2.DirectoryNamespaceAssociation = None
		$2.ResourceNamePolicy = FileFormatDefault
		$0.TextStylePolicy = $3
		$3.TabWidth = 2
		$3.IndentWidth = 2
		$3.inheritsSet = Mono
		$3.inheritsScope = text/plain
		$3.scope = text/x-csharp
		$0.CSharpFormattingPolicy = $4
		$4.NamespaceBraceStyle = EndOfLine
		$4.ClassBraceStyle = EndOfLine
		$4.InterfaceBraceStyle = EndOfLine
		$4.StructBraceStyle = EndOfLine
		$4.EnumBraceStyle = EndOfLine
		$4.MethodBraceStyle = EndOfLine
		$4.ConstructorBraceStyle = EndOfLine
		$4.DestructorBraceStyle = EndOfLine
		$4.ElseNewLinePlacement = DoNotCare
		$4.ElseIfNewLinePlacement = DoNotCare
		$4.CatchNewLinePlacement = DoNotCare
		$4.FinallyNewLinePlacement = DoNotCare
		$4.WhileNewLinePlacement = DoNotCare
		$4.EmbeddedStatementPlacement = DoNotCare
		$4.BeforeMethodDeclarationParentheses = False
		$4.BeforeMethodCallParentheses = False
		$4.BeforeConstructorDeclarationParentheses = False
		$4.BeforeIndexerDeclarationBracket = False
		$4.BeforeDelegateDeclarationParentheses = False
		$4.NewParentheses = False
		$4.IfParentheses = False
		$4.WhileParentheses = False
		$4.ForParentheses = False
		$4.ForeachParentheses = False
		$4.CatchParentheses = False
		$4.SwitchParentheses = False
		$4.LockParentheses = False
		$4.UsingParentheses = False
		$4.SpacesBeforeBrackets = False
		$4.inheritsSet = Mono
		$4.inheritsScope = text/x-csharp
		$4.scope = text/x-csharp
		$0.TextStylePolicy = $5
		$5.FileWidth = 120
		$5.TabWidth = 2
		$5.IndentWidth = 2
		$5.inheritsSet = Mono
		$5.inheritsScope = text/plain
		$5.scope = text/plain
		$0.TextStylePolicy = $6
		$6.inheritsSet = null
		$6.scope = text/microsoft-resx
		$0.XmlFormattingPolicy = $7
		$7.inheritsSet = null
		$7.scope = text/microsoft-resx
		$0.TextStylePolicy = $8
		$8.inheritsSet = null
		$8.scope = application/xml
		$0.XmlFormattingPolicy = $9
		$9.inheritsSet = Mono
		$9.inheritsScope = application/xml
		$9.scope = application/xml
		$0.TextStylePolicy = $10
		$10.inheritsSet = null
		$10.scope = application/config+xml
		$0.XmlFormattingPolicy = $11
		$11.inheritsSet = null
		$11.scope = application/config+xml
		$0.TextStylePolicy = $12
		$12.inheritsSet = null
		$12.scope = text/csv
		$0.TextStylePolicy = $13
		$13.inheritsSet = null
		$13.scope = text/x-makefile
		$0.StandardHeader = $14
		$14.Text = 
		$14.IncludeInNewFiles = True
		$0.NameConventionPolicy = $15
		$15.Rules = $16
		$16.NamingRule = $17
		$17.Name = Namespaces
		$17.AffectedEntity = Namespace
		$17.VisibilityMask = VisibilityMask
		$17.NamingStyle = PascalCase
		$17.IncludeInstanceMembers = True
		$17.IncludeStaticEntities = True
		$16.NamingRule = $18
		$18.Name = Types
		$18.AffectedEntity = Class, Struct, Enum, Delegate
		$18.VisibilityMask = Public
		$18.NamingStyle = PascalCase
		$18.IncludeInstanceMembers = True
		$18.IncludeStaticEntities = True
		$16.NamingRule = $19
		$19.Name = Interfaces
		$19.RequiredPrefixes = $20
		$20.String = I
		$19.AffectedEntity = Interface
		$19.VisibilityMask = Public
		$19.NamingStyle = PascalCase
		$19.IncludeInstanceMembers = True
		$19.IncludeStaticEntities = True
		$16.NamingRule = $21
		$21.Name = Attributes
		$21.RequiredSuffixes = $22
		$22.String = Attribute
		$21.AffectedEntity = CustomAttributes
		$21.VisibilityMask = Public
		$21.NamingStyle = PascalCase
		$21.IncludeInstanceMembers = True
		$21.IncludeStaticEntities = True
		$16.NamingRule = $23
		$23.Name = Event Arguments
		$23.RequiredSuffixes = $24
		$24.String = EventArgs
		$23.AffectedEntity = CustomEventArgs
		$23.VisibilityMask = Public
		$23.NamingStyle = PascalCase
		$23.IncludeInstanceMembers = True
		$23.IncludeStaticEntities = True
		$16.NamingRule = $25
		$25.Name = Exceptions
		$25.RequiredSuffixes = $26
		$26.String = Exception
		$25.AffectedEntity = CustomExceptions
		$25.VisibilityMask = VisibilityMask
		$25.NamingStyle = PascalCase
		$25.IncludeInstanceMembers = True
		$25.IncludeStaticEntities = True
		$16.NamingRule = $27
		$27.Name = Methods
		$27.AffectedEntity = Methods
		$27.VisibilityMask = Protected, Public
		$27.NamingStyle = PascalCase
		$27.IncludeInstanceMembers = True
		$27.IncludeStaticEntities = True
		$16.NamingRule = $28
		$28.Name = Static Readonly Fields
		$28.AffectedEntity = ReadonlyField
		$28.VisibilityMask = Protected, Public
		$28.NamingStyle = PascalCase
		$28.IncludeInstanceMembers = False
		$28.IncludeStaticEntities = True
		$16.NamingRule = $29
		$29.Name = Fields
		$29.AffectedEntity = Field
		$29.VisibilityMask = Protected, Public
		$29.NamingStyle = PascalCase
		$29.IncludeInstanceMembers = True
		$29.IncludeStaticEntities = True
		$16.NamingRule = $30
		$30.Name = ReadOnly Fields
		$30.AffectedEntity = ReadonlyField
		$30.VisibilityMask = Protected, Public
		$30.NamingStyle = PascalCase
		$30.IncludeInstanceMembers = True
		$30.IncludeStaticEntities = False
		$16.NamingRule = $31
		$31.Name = Constant Fields
		$31.AffectedEntity = ConstantField
		$31.VisibilityMask = Protected, Public
		$31.NamingStyle = PascalCase
		$31.IncludeInstanceMembers = True
		$31.IncludeStaticEntities = True
		$16.NamingRule = $32
		$32.Name = Properties
		$32.AffectedEntity = Property
		$32.VisibilityMask = Protected, Public
		$32.NamingStyle = PascalCase
		$32.IncludeInstanceMembers = True
		$32.IncludeStaticEntities = True
		$16.NamingRule = $33
		$33.Name = Events
		$33.AffectedEntity = Event
		$33.VisibilityMask = Protected, Public
		$33.NamingStyle = PascalCase
		$33.IncludeInstanceMembers = True
		$33.IncludeStaticEntities = True
		$16.NamingRule = $34
		$34.Name = Enum Members
		$34.AffectedEntity = EnumMember
		$34.VisibilityMask = VisibilityMask
		$34.NamingStyle = PascalCase
		$34.IncludeInstanceMembers = True
		$34.IncludeStaticEntities = True
		$16.NamingRule = $35
		$35.Name = Parameters
		$35.AffectedEntity = Parameter
		$35.VisibilityMask = VisibilityMask
		$35.NamingStyle = CamelCase
		$35.IncludeInstanceMembers = True
		$35.IncludeStaticEntities = True
		$16.NamingRule = $36
		$36.Name = Type Parameters
		$36.RequiredPrefixes = $37
		$37.String = T
		$36.AffectedEntity = TypeParameter
		$36.VisibilityMask = VisibilityMask
		$36.NamingStyle = PascalCase
		$36.IncludeInstanceMembers = True
		$36.IncludeStaticEntities = True
		$0.VersionControlPolicy = $38
		$38.inheritsSet = Mono
		$0.ChangeLogPolicy = $39
		$39.UpdateMode = None
		$39.MessageStyle = $40
		$40.LineAlign = 0
		$39.inheritsSet = Mono
	EndGlobalSection
	GlobalSection(SolutionProperties) = preSolution
		HideSolutionNode = FALSE
	EndGlobalSection
	GlobalSection(TestCaseManagementSettings) = postSolution
		CategoryFile = GANNAI.vsmdi
	EndGlobalSection
EndGlobal
